
Microsoft Visual Studio Solution File, Format Version 12.00
Project("{FAE04EC0-301F-11D3-BF4B-00C04F79EFBC}") = "WinFormsApp1", "WinFormsApp1\WinFormsApp1.csproj", "{1774D6D9-74F0-481E-9C61-D9941775C3ED}"
EndProject
Global
	GlobalSection(SolutionConfigurationPlatforms) = preSolution
		Debug|Any CPU = Debug|Any CPU
		Release|Any CPU = Release|Any CPU
	EndGlobalSection
	GlobalSection(ProjectConfigurationPlatforms) = postSolution
		{1774D6D9-74F0-481E-9C61-D9941775C3ED}.Debug|Any CPU.ActiveCfg = Debug|Any CPU
		{1774D6D9-74F0-481E-9C61-D9941775C3ED}.Debug|Any CPU.Build.0 = Debug|Any CPU
		{1774D6D9-74F0-481E-9C61-D9941775C3ED}.Release|Any CPU.ActiveCfg = Release|Any CPU
		{1774D6D9-74F0-481E-9C61-D9941775C3ED}.Release|Any CPU.Build.0 = Release|Any CPU
	EndGlobalSection
EndGlobal
